
Microsoft Visual Studio Solution File, Format Version 12.00
# Visual Studio Version 17
VisualStudioVersion = 17.3.32922.545
MinimumVisualStudioVersion = 10.0.40219.1
Project("{FAE04EC0-301F-11D3-BF4B-00C04F79EFBC}") = "HomeWork02_complex", "HomeWork02_complex\HomeWork02_complex.csproj", "{5E4A904A-90F6-4744-976E-30789830698B}"
EndProject
Global
	GlobalSection(SolutionConfigurationPlatforms) = preSolution
		Debug|Any CPU = Debug|Any CPU
		Release|Any CPU = Release|Any CPU
	EndGlobalSection
	GlobalSection(ProjectConfigurationPlatforms) = postSolution
		{5E4A904A-90F6-4744-976E-30789830698B}.Debug|Any CPU.ActiveCfg = Debug|Any CPU
		{5E4A904A-90F6-4744-976E-30789830698B}.Debug|Any CPU.Build.0 = Debug|Any CPU
		{5E4A904A-90F6-4744-976E-30789830698B}.Release|Any CPU.ActiveCfg = Release|Any CPU
		{5E4A904A-90F6-4744-976E-30789830698B}.Release|Any CPU.Build.0 = Release|Any CPU
	EndGlobalSection
	GlobalSection(SolutionProperties) = preSolution
		HideSolutionNode = FALSE
	EndGlobalSection
	GlobalSection(ExtensibilityGlobals) = postSolution
		SolutionGuid = {9669A89A-D01F-443A-8D34-733A1945FA62}
	EndGlobalSection
EndGlobal
