
Microsoft Visual Studio Solution File, Format Version 12.00
# Visual Studio Version 17
VisualStudioVersion = 17.3.32922.545
MinimumVisualStudioVersion = 10.0.40219.1
Project("{FAE04EC0-301F-11D3-BF4B-00C04F79EFBC}") = "HomeWork1_matrix", "HomeWork1_matrix\HomeWork1_matrix.csproj", "{4A530A4E-B97A-48AA-BF06-3856AC040609}"
EndProject
Global
	GlobalSection(SolutionConfigurationPlatforms) = preSolution
		Debug|Any CPU = Debug|Any CPU
		Release|Any CPU = Release|Any CPU
	EndGlobalSection
	GlobalSection(ProjectConfigurationPlatforms) = postSolution
		{4A530A4E-B97A-48AA-BF06-3856AC040609}.Debug|Any CPU.ActiveCfg = Debug|Any CPU
		{4A530A4E-B97A-48AA-BF06-3856AC040609}.Debug|Any CPU.Build.0 = Debug|Any CPU
		{4A530A4E-B97A-48AA-BF06-3856AC040609}.Release|Any CPU.ActiveCfg = Release|Any CPU
		{4A530A4E-B97A-48AA-BF06-3856AC040609}.Release|Any CPU.Build.0 = Release|Any CPU
	EndGlobalSection
	GlobalSection(SolutionProperties) = preSolution
		HideSolutionNode = FALSE
	EndGlobalSection
	GlobalSection(ExtensibilityGlobals) = postSolution
		SolutionGuid = {CE31B1E5-E544-4830-B20D-36C4928005C5}
	EndGlobalSection
EndGlobal
